
Microsoft Visual Studio Solution File, Format Version 12.00
# Visual Studio Version 16
VisualStudioVersion = 16.0.30114.105
MinimumVisualStudioVersion = 10.0.40219.1
Project("{FAE04EC0-301F-11D3-BF4B-00C04F79EFBC}") = "AppAndroid", "AppAndroid\AppAndroid.csproj", "{D288A958-3D7F-442B-B62E-A5A2E3136E0F}"
EndProject
Project("{FAE04EC0-301F-11D3-BF4B-00C04F79EFBC}") = "AppAndroid.Classic", "AppAndroid.Classic\AppAndroid.Classic.csproj", "{89EF46FA-5545-42EB-AD81-EDDD4C7CD605}"
EndProject
Global
	GlobalSection(SolutionConfigurationPlatforms) = preSolution
		Debug|Any CPU = Debug|Any CPU
		Release|Any CPU = Release|Any CPU
	EndGlobalSection
	GlobalSection(SolutionProperties) = preSolution
		HideSolutionNode = FALSE
	EndGlobalSection
	GlobalSection(ProjectConfigurationPlatforms) = postSolution
		{D288A958-3D7F-442B-B62E-A5A2E3136E0F}.Debug|Any CPU.ActiveCfg = Debug|Any CPU
		{D288A958-3D7F-442B-B62E-A5A2E3136E0F}.Debug|Any CPU.Build.0 = Debug|Any CPU
		{D288A958-3D7F-442B-B62E-A5A2E3136E0F}.Release|Any CPU.ActiveCfg = Release|Any CPU
		{D288A958-3D7F-442B-B62E-A5A2E3136E0F}.Release|Any CPU.Build.0 = Release|Any CPU
		{89EF46FA-5545-42EB-AD81-EDDD4C7CD605}.Debug|Any CPU.ActiveCfg = Debug|Any CPU
		{89EF46FA-5545-42EB-AD81-EDDD4C7CD605}.Debug|Any CPU.Build.0 = Debug|Any CPU
		{89EF46FA-5545-42EB-AD81-EDDD4C7CD605}.Release|Any CPU.ActiveCfg = Release|Any CPU
		{89EF46FA-5545-42EB-AD81-EDDD4C7CD605}.Release|Any CPU.Build.0 = Release|Any CPU
	EndGlobalSection
EndGlobal
